// !$*UTF8*$!
{
	archiveVersion = 1;
	classes = {
	};
	objectVersion = 50;
	objects = {

/* Begin PBXBuildFile section */
		6917481C2322620D00FCF18F /* main.swift in Sources */ = {isa = PBXBuildFile; fileRef = 6917481B2322620D00FCF18F /* main.swift */; };
		6917482523226DDF00FCF18F /* HashTable.swift in Sources */ = {isa = PBXBuildFile; fileRef = 6917482423226DDF00FCF18F /* HashTable.swift */; };
		69174827232270E900FCF18F /* test.swift in Sources */ = {isa = PBXBuildFile; fileRef = 69174826232270E900FCF18F /* test.swift */; };
		691748292322886D00FCF18F /* testHashTable.swift in Sources */ = {isa = PBXBuildFile; fileRef = 691748282322886D00FCF18F /* testHashTable.swift */; };
		69971846232315A6001DDE2D /* Interpreter.swift in Sources */ = {isa = PBXBuildFile; fileRef = 69971845232315A6001DDE2D /* Interpreter.swift */; };
		6997184B23231D6C001DDE2D /* testInterpreter.swift in Sources */ = {isa = PBXBuildFile; fileRef = 6997184A23231D6C001DDE2D /* testInterpreter.swift */; };
		6997184D2323DE2E001DDE2D /* Tokenizer.swift in Sources */ = {isa = PBXBuildFile; fileRef = 6997184C2323DE2E001DDE2D /* Tokenizer.swift */; };
		6997184F2323FA89001DDE2D /* Token.swift in Sources */ = {isa = PBXBuildFile; fileRef = 6997184E2323FA89001DDE2D /* Token.swift */; };
		699718512323FC34001DDE2D /* StringStream.swift in Sources */ = {isa = PBXBuildFile; fileRef = 699718502323FC34001DDE2D /* StringStream.swift */; };
		699718532323FCCB001DDE2D /* TokenType.swift in Sources */ = {isa = PBXBuildFile; fileRef = 699718522323FCCB001DDE2D /* TokenType.swift */; };
		6997185523240359001DDE2D /* testStringStream.swift in Sources */ = {isa = PBXBuildFile; fileRef = 6997185423240359001DDE2D /* testStringStream.swift */; };
		6997185723241FBC001DDE2D /* testTokenizer.swift in Sources */ = {isa = PBXBuildFile; fileRef = 6997185623241FBC001DDE2D /* testTokenizer.swift */; };
		69E4BD7C232AB5920006200C /* Node.swift in Sources */ = {isa = PBXBuildFile; fileRef = 69E4BD7B232AB5920006200C /* Node.swift */; };
		69E4BD7E232AB5DC0006200C /* NodePool.swift in Sources */ = {isa = PBXBuildFile; fileRef = 69E4BD7D232AB5DC0006200C /* NodePool.swift */; };
/* End PBXBuildFile section */

/* Begin PBXCopyFilesBuildPhase section */
		691748162322620D00FCF18F /* CopyFiles */ = {
			isa = PBXCopyFilesBuildPhase;
			buildActionMask = 2147483647;
			dstPath = /usr/share/man/man1/;
			dstSubfolderSpec = 0;
			files = (
			);
			runOnlyForDeploymentPostprocessing = 1;
		};
/* End PBXCopyFilesBuildPhase section */

/* Begin PBXFileReference section */
		691748182322620D00FCF18F /* Scheme-Swift */ = {isa = PBXFileReference; explicitFileType = "compiled.mach-o.executable"; includeInIndex = 0; path = "Scheme-Swift"; sourceTree = BUILT_PRODUCTS_DIR; };
		6917481B2322620D00FCF18F /* main.swift */ = {isa = PBXFileReference; lastKnownFileType = sourcecode.swift; path = main.swift; sourceTree = "<group>"; };
		6917482423226DDF00FCF18F /* HashTable.swift */ = {isa = PBXFileReference; lastKnownFileType = sourcecode.swift; path = HashTable.swift; sourceTree = "<group>"; };
		69174826232270E900FCF18F /* test.swift */ = {isa = PBXFileReference; lastKnownFileType = sourcecode.swift; path = test.swift; sourceTree = "<group>"; };
		691748282322886D00FCF18F /* testHashTable.swift */ = {isa = PBXFileReference; lastKnownFileType = sourcecode.swift; path = testHashTable.swift; sourceTree = "<group>"; };
		69971845232315A6001DDE2D /* Interpreter.swift */ = {isa = PBXFileReference; lastKnownFileType = sourcecode.swift; path = Interpreter.swift; sourceTree = "<group>"; };
		6997184A23231D6C001DDE2D /* testInterpreter.swift */ = {isa = PBXFileReference; lastKnownFileType = sourcecode.swift; path = testInterpreter.swift; sourceTree = "<group>"; };
		6997184C2323DE2E001DDE2D /* Tokenizer.swift */ = {isa = PBXFileReference; lastKnownFileType = sourcecode.swift; path = Tokenizer.swift; sourceTree = "<group>"; };
		6997184E2323FA89001DDE2D /* Token.swift */ = {isa = PBXFileReference; lastKnownFileType = sourcecode.swift; path = Token.swift; sourceTree = "<group>"; };
		699718502323FC34001DDE2D /* StringStream.swift */ = {isa = PBXFileReference; lastKnownFileType = sourcecode.swift; path = StringStream.swift; sourceTree = "<group>"; };
		699718522323FCCB001DDE2D /* TokenType.swift */ = {isa = PBXFileReference; lastKnownFileType = sourcecode.swift; path = TokenType.swift; sourceTree = "<group>"; };
		6997185423240359001DDE2D /* testStringStream.swift */ = {isa = PBXFileReference; lastKnownFileType = sourcecode.swift; path = testStringStream.swift; sourceTree = "<group>"; };
		6997185623241FBC001DDE2D /* testTokenizer.swift */ = {isa = PBXFileReference; lastKnownFileType = sourcecode.swift; path = testTokenizer.swift; sourceTree = "<group>"; };
		69E4BD7B232AB5920006200C /* Node.swift */ = {isa = PBXFileReference; lastKnownFileType = sourcecode.swift; path = Node.swift; sourceTree = "<group>"; };
		69E4BD7D232AB5DC0006200C /* NodePool.swift */ = {isa = PBXFileReference; lastKnownFileType = sourcecode.swift; path = NodePool.swift; sourceTree = "<group>"; };
/* End PBXFileReference section */

/* Begin PBXFrameworksBuildPhase section */
		691748152322620D00FCF18F /* Frameworks */ = {
			isa = PBXFrameworksBuildPhase;
			buildActionMask = 2147483647;
			files = (
			);
			runOnlyForDeploymentPostprocessing = 0;
		};
/* End PBXFrameworksBuildPhase section */

/* Begin PBXGroup section */
		6917480F2322620D00FCF18F = {
			isa = PBXGroup;
			children = (
				6917481A2322620D00FCF18F /* Scheme-Swift */,
				691748192322620D00FCF18F /* Products */,
			);
			sourceTree = "<group>";
		};
		691748192322620D00FCF18F /* Products */ = {
			isa = PBXGroup;
			children = (
				691748182322620D00FCF18F /* Scheme-Swift */,
			);
			name = Products;
			sourceTree = "<group>";
		};
		6917481A2322620D00FCF18F /* Scheme-Swift */ = {
			isa = PBXGroup;
			children = (
				6917481B2322620D00FCF18F /* main.swift */,
				6917482423226DDF00FCF18F /* HashTable.swift */,
				69971845232315A6001DDE2D /* Interpreter.swift */,
				69E4BD7B232AB5920006200C /* Node.swift */,
				69E4BD7D232AB5DC0006200C /* NodePool.swift */,
				699718502323FC34001DDE2D /* StringStream.swift */,
				6997184E2323FA89001DDE2D /* Token.swift */,
				6997184C2323DE2E001DDE2D /* Tokenizer.swift */,
				699718522323FCCB001DDE2D /* TokenType.swift */,
				699718492323170B001DDE2D /* Tests */,
			);
			path = "Scheme-Swift";
			sourceTree = "<group>";
		};
		699718492323170B001DDE2D /* Tests */ = {
			isa = PBXGroup;
			children = (
				69174826232270E900FCF18F /* test.swift */,
				691748282322886D00FCF18F /* testHashTable.swift */,
				6997184A23231D6C001DDE2D /* testInterpreter.swift */,
				6997185423240359001DDE2D /* testStringStream.swift */,
				6997185623241FBC001DDE2D /* testTokenizer.swift */,
			);
			path = Tests;
			sourceTree = "<group>";
		};
/* End PBXGroup section */

/* Begin PBXNativeTarget section */
		691748172322620D00FCF18F /* Scheme-Swift */ = {
			isa = PBXNativeTarget;
			buildConfigurationList = 6917481F2322620D00FCF18F /* Build configuration list for PBXNativeTarget "Scheme-Swift" */;
			buildPhases = (
				691748142322620D00FCF18F /* Sources */,
				691748152322620D00FCF18F /* Frameworks */,
				691748162322620D00FCF18F /* CopyFiles */,
			);
			buildRules = (
			);
			dependencies = (
			);
			name = "Scheme-Swift";
			productName = "Scheme-Swift";
			productReference = 691748182322620D00FCF18F /* Scheme-Swift */;
			productType = "com.apple.product-type.tool";
		};
/* End PBXNativeTarget section */

/* Begin PBXProject section */
		691748102322620D00FCF18F /* Project object */ = {
			isa = PBXProject;
			attributes = {
				LastSwiftUpdateCheck = 1030;
				LastUpgradeCheck = 1030;
				ORGANIZATIONNAME = "Jaeho Lee";
				TargetAttributes = {
					691748172322620D00FCF18F = {
						CreatedOnToolsVersion = 10.3;
					};
				};
			};
			buildConfigurationList = 691748132322620D00FCF18F /* Build configuration list for PBXProject "Scheme-Swift" */;
			compatibilityVersion = "Xcode 9.3";
			developmentRegion = en;
			hasScannedForEncodings = 0;
			knownRegions = (
				en,
			);
			mainGroup = 6917480F2322620D00FCF18F;
			productRefGroup = 691748192322620D00FCF18F /* Products */;
			projectDirPath = "";
			projectRoot = "";
			targets = (
				691748172322620D00FCF18F /* Scheme-Swift */,
			);
		};
/* End PBXProject section */

/* Begin PBXSourcesBuildPhase section */
		691748142322620D00FCF18F /* Sources */ = {
			isa = PBXSourcesBuildPhase;
			buildActionMask = 2147483647;
			files = (
				699718512323FC34001DDE2D /* StringStream.swift in Sources */,
				6997184F2323FA89001DDE2D /* Token.swift in Sources */,
				699718532323FCCB001DDE2D /* TokenType.swift in Sources */,
				6917481C2322620D00FCF18F /* main.swift in Sources */,
				6997184B23231D6C001DDE2D /* testInterpreter.swift in Sources */,
				691748292322886D00FCF18F /* testHashTable.swift in Sources */,
				69174827232270E900FCF18F /* test.swift in Sources */,
				69971846232315A6001DDE2D /* Interpreter.swift in Sources */,
				6997185523240359001DDE2D /* testStringStream.swift in Sources */,
				6997184D2323DE2E001DDE2D /* Tokenizer.swift in Sources */,
				6997185723241FBC001DDE2D /* testTokenizer.swift in Sources */,
				6917482523226DDF00FCF18F /* HashTable.swift in Sources */,
				69E4BD7E232AB5DC0006200C /* NodePool.swift in Sources */,
				69E4BD7C232AB5920006200C /* Node.swift in Sources */,
			);
			runOnlyForDeploymentPostprocessing = 0;
		};
/* End PBXSourcesBuildPhase section */

/* Begin XCBuildConfiguration section */
		6917481D2322620D00FCF18F /* Debug */ = {
			isa = XCBuildConfiguration;
			buildSettings = {
				ALWAYS_SEARCH_USER_PATHS = NO;
				CLANG_ANALYZER_NONNULL = YES;
				CLANG_ANALYZER_NUMBER_OBJECT_CONVERSION = YES_AGGRESSIVE;
				CLANG_CXX_LANGUAGE_STANDARD = "gnu++14";
				CLANG_CXX_LIBRARY = "libc++";
				CLANG_ENABLE_MODULES = YES;
				CLANG_ENABLE_OBJC_ARC = YES;
				CLANG_ENABLE_OBJC_WEAK = YES;
				CLANG_WARN_BLOCK_CAPTURE_AUTORELEASING = YES;
				CLANG_WARN_BOOL_CONVERSION = YES;
				CLANG_WARN_COMMA = YES;
				CLANG_WARN_CONSTANT_CONVERSION = YES;
				CLANG_WARN_DEPRECATED_OBJC_IMPLEMENTATIONS = YES;
				CLANG_WARN_DIRECT_OBJC_ISA_USAGE = YES_ERROR;
				CLANG_WARN_DOCUMENTATION_COMMENTS = YES;
				CLANG_WARN_EMPTY_BODY = YES;
				CLANG_WARN_ENUM_CONVERSION = YES;
				CLANG_WARN_INFINITE_RECURSION = YES;
				CLANG_WARN_INT_CONVERSION = YES;
				CLANG_WARN_NON_LITERAL_NULL_CONVERSION = YES;
				CLANG_WARN_OBJC_IMPLICIT_RETAIN_SELF = YES;
				CLANG_WARN_OBJC_LITERAL_CONVERSION = YES;
				CLANG_WARN_OBJC_ROOT_CLASS = YES_ERROR;
				CLANG_WARN_RANGE_LOOP_ANALYSIS = YES;
				CLANG_WARN_STRICT_PROTOTYPES = YES;
				CLANG_WARN_SUSPICIOUS_MOVE = YES;
				CLANG_WARN_UNGUARDED_AVAILABILITY = YES_AGGRESSIVE;
				CLANG_WARN_UNREACHABLE_CODE = YES;
				CLANG_WARN__DUPLICATE_METHOD_MATCH = YES;
				CODE_SIGN_IDENTITY = "Mac Developer";
				COPY_PHASE_STRIP = NO;
				DEBUG_INFORMATION_FORMAT = dwarf;
				ENABLE_STRICT_OBJC_MSGSEND = YES;
				ENABLE_TESTABILITY = YES;
				GCC_C_LANGUAGE_STANDARD = gnu11;
				GCC_DYNAMIC_NO_PIC = NO;
				GCC_NO_COMMON_BLOCKS = YES;
				GCC_OPTIMIZATION_LEVEL = 0;
				GCC_PREPROCESSOR_DEFINITIONS = (
					"DEBUG=1",
					"$(inherited)",
				);
				GCC_WARN_64_TO_32_BIT_CONVERSION = YES;
				GCC_WARN_ABOUT_RETURN_TYPE = YES_ERROR;
				GCC_WARN_UNDECLARED_SELECTOR = YES;
				GCC_WARN_UNINITIALIZED_AUTOS = YES_AGGRESSIVE;
				GCC_WARN_UNUSED_FUNCTION = YES;
				GCC_WARN_UNUSED_VARIABLE = YES;
				MACOSX_DEPLOYMENT_TARGET = 10.14;
				MTL_ENABLE_DEBUG_INFO = INCLUDE_SOURCE;
				MTL_FAST_MATH = YES;
				ONLY_ACTIVE_ARCH = YES;
				SDKROOT = macosx;
				SWIFT_ACTIVE_COMPILATION_CONDITIONS = DEBUG;
				SWIFT_OPTIMIZATION_LEVEL = "-Onone";
			};
			name = Debug;
		};
		6917481E2322620D00FCF18F /* Release */ = {
			isa = XCBuildConfiguration;
			buildSettings = {
				ALWAYS_SEARCH_USER_PATHS = NO;
				CLANG_ANALYZER_NONNULL = YES;
				CLANG_ANALYZER_NUMBER_OBJECT_CONVERSION = YES_AGGRESSIVE;
				CLANG_CXX_LANGUAGE_STANDARD = "gnu++14";
				CLANG_CXX_LIBRARY = "libc++";
				CLANG_ENABLE_MODULES = YES;
				CLANG_ENABLE_OBJC_ARC = YES;
				CLANG_ENABLE_OBJC_WEAK = YES;
				CLANG_WARN_BLOCK_CAPTURE_AUTORELEASING = YES;
				CLANG_WARN_BOOL_CONVERSION = YES;
				CLANG_WARN_COMMA = YES;
				CLANG_WARN_CONSTANT_CONVERSION = YES;
				CLANG_WARN_DEPRECATED_OBJC_IMPLEMENTATIONS = YES;
				CLANG_WARN_DIRECT_OBJC_ISA_USAGE = YES_ERROR;
				CLANG_WARN_DOCUMENTATION_COMMENTS = YES;
				CLANG_WARN_EMPTY_BODY = YES;
				CLANG_WARN_ENUM_CONVERSION = YES;
				CLANG_WARN_INFINITE_RECURSION = YES;
				CLANG_WARN_INT_CONVERSION = YES;
				CLANG_WARN_NON_LITERAL_NULL_CONVERSION = YES;
				CLANG_WARN_OBJC_IMPLICIT_RETAIN_SELF = YES;
				CLANG_WARN_OBJC_LITERAL_CONVERSION = YES;
				CLANG_WARN_OBJC_ROOT_CLASS = YES_ERROR;
				CLANG_WARN_RANGE_LOOP_ANALYSIS = YES;
				CLANG_WARN_STRICT_PROTOTYPES = YES;
				CLANG_WARN_SUSPICIOUS_MOVE = YES;
				CLANG_WARN_UNGUARDED_AVAILABILITY = YES_AGGRESSIVE;
				CLANG_WARN_UNREACHABLE_CODE = YES;
				CLANG_WARN__DUPLICATE_METHOD_MATCH = YES;
				CODE_SIGN_IDENTITY = "Mac Developer";
				COPY_PHASE_STRIP = NO;
				DEBUG_INFORMATION_FORMAT = "dwarf-with-dsym";
				ENABLE_NS_ASSERTIONS = NO;
				ENABLE_STRICT_OBJC_MSGSEND = YES;
				GCC_C_LANGUAGE_STANDARD = gnu11;
				GCC_NO_COMMON_BLOCKS = YES;
				GCC_WARN_64_TO_32_BIT_CONVERSION = YES;
				GCC_WARN_ABOUT_RETURN_TYPE = YES_ERROR;
				GCC_WARN_UNDECLARED_SELECTOR = YES;
				GCC_WARN_UNINITIALIZED_AUTOS = YES_AGGRESSIVE;
				GCC_WARN_UNUSED_FUNCTION = YES;
				GCC_WARN_UNUSED_VARIABLE = YES;
				MACOSX_DEPLOYMENT_TARGET = 10.14;
				MTL_ENABLE_DEBUG_INFO = NO;
				MTL_FAST_MATH = YES;
				SDKROOT = macosx;
				SWIFT_COMPILATION_MODE = wholemodule;
				SWIFT_OPTIMIZATION_LEVEL = "-O";
			};
			name = Release;
		};
		691748202322620D00FCF18F /* Debug */ = {
			isa = XCBuildConfiguration;
			buildSettings = {
				CODE_SIGN_STYLE = Automatic;
				DEVELOPMENT_TEAM = EBL648DP7E;
				PRODUCT_NAME = "$(TARGET_NAME)";
				SWIFT_VERSION = 5.0;
			};
			name = Debug;
		};
		691748212322620D00FCF18F /* Release */ = {
			isa = XCBuildConfiguration;
			buildSettings = {
				CODE_SIGN_STYLE = Automatic;
				DEVELOPMENT_TEAM = EBL648DP7E;
				PRODUCT_NAME = "$(TARGET_NAME)";
				SWIFT_VERSION = 5.0;
			};
			name = Release;
		};
/* End XCBuildConfiguration section */

/* Begin XCConfigurationList section */
		691748132322620D00FCF18F /* Build configuration list for PBXProject "Scheme-Swift" */ = {
			isa = XCConfigurationList;
			buildConfigurations = (
				6917481D2322620D00FCF18F /* Debug */,
				6917481E2322620D00FCF18F /* Release */,
			);
			defaultConfigurationIsVisible = 0;
			defaultConfigurationName = Release;
		};
		6917481F2322620D00FCF18F /* Build configuration list for PBXNativeTarget "Scheme-Swift" */ = {
			isa = XCConfigurationList;
			buildConfigurations = (
				691748202322620D00FCF18F /* Debug */,
				691748212322620D00FCF18F /* Release */,
			);
			defaultConfigurationIsVisible = 0;
			defaultConfigurationName = Release;
		};
/* End XCConfigurationList section */
	};
	rootObject = 691748102322620D00FCF18F /* Project object */;
}
